
Microsoft Visual Studio Solution File, Format Version 12.00
# Visual Studio 2017
Project("{FAE04EC0-301F-11D3-BF4B-00C04F79EFBC}") = "Eyeforeyes.Plugins", "Eyeforeyes.Plugins.csproj", "{0B56C960-C1A3-CF8C-FF32-4D1A2A8E69F0}"
EndProject
Project("{FAE04EC0-301F-11D3-BF4B-00C04F79EFBC}") = "Eyeforeyes", "Eyeforeyes.csproj", "{8235E352-E88A-A5B3-527D-8495F13FD13B}"
EndProject
Global
	GlobalSection(SolutionConfigurationPlatforms) = preSolution
		Debug|Any CPU = Debug|Any CPU
		Release|Any CPU = Release|Any CPU
	EndGlobalSection
	GlobalSection(ProjectConfigurationPlatforms) = postSolution
		{0B56C960-C1A3-CF8C-FF32-4D1A2A8E69F0}.Debug|Any CPU.ActiveCfg = Debug|Any CPU
		{0B56C960-C1A3-CF8C-FF32-4D1A2A8E69F0}.Debug|Any CPU.Build.0 = Debug|Any CPU
		{0B56C960-C1A3-CF8C-FF32-4D1A2A8E69F0}.Release|Any CPU.ActiveCfg = Release|Any CPU
		{0B56C960-C1A3-CF8C-FF32-4D1A2A8E69F0}.Release|Any CPU.Build.0 = Release|Any CPU
		{8235E352-E88A-A5B3-527D-8495F13FD13B}.Debug|Any CPU.ActiveCfg = Debug|Any CPU
		{8235E352-E88A-A5B3-527D-8495F13FD13B}.Debug|Any CPU.Build.0 = Debug|Any CPU
		{8235E352-E88A-A5B3-527D-8495F13FD13B}.Release|Any CPU.ActiveCfg = Release|Any CPU
		{8235E352-E88A-A5B3-527D-8495F13FD13B}.Release|Any CPU.Build.0 = Release|Any CPU
	EndGlobalSection
	GlobalSection(SolutionProperties) = preSolution
		HideSolutionNode = FALSE
	EndGlobalSection
EndGlobal
